
Microsoft Visual Studio Solution File, Format Version 12.00
# Visual Studio 14
VisualStudioVersion = 14.0.25420.1
MinimumVisualStudioVersion = 10.0.40219.1
Project("{FAE04EC0-301F-11D3-BF4B-00C04F79EFBC}") = "1_HolaMundoSalto", "1_HolaMundoSalto\1_HolaMundoSalto.csproj", "{6DDF3C90-0EE9-4F84-8656-0538D0BC68FB}"
EndProject
Global
	GlobalSection(SolutionConfigurationPlatforms) = preSolution
		Debug|Any CPU = Debug|Any CPU
		Release|Any CPU = Release|Any CPU
	EndGlobalSection
	GlobalSection(ProjectConfigurationPlatforms) = postSolution
		{6DDF3C90-0EE9-4F84-8656-0538D0BC68FB}.Debug|Any CPU.ActiveCfg = Debug|Any CPU
		{6DDF3C90-0EE9-4F84-8656-0538D0BC68FB}.Debug|Any CPU.Build.0 = Debug|Any CPU
		{6DDF3C90-0EE9-4F84-8656-0538D0BC68FB}.Release|Any CPU.ActiveCfg = Release|Any CPU
		{6DDF3C90-0EE9-4F84-8656-0538D0BC68FB}.Release|Any CPU.Build.0 = Release|Any CPU
	EndGlobalSection
	GlobalSection(SolutionProperties) = preSolution
		HideSolutionNode = FALSE
	EndGlobalSection
EndGlobal
